
Microsoft Visual Studio Solution File, Format Version 12.00
# Visual Studio Version 16
VisualStudioVersion = 16.0.32228.343
MinimumVisualStudioVersion = 10.0.40219.1
Project("{FAE04EC0-301F-11D3-BF4B-00C04F79EFBC}") = "DoorControl", "src\DoorControl\DoorControl.csproj", "{66FF9846-C6A7-4B2F-978E-470F263751B4}"
EndProject
Project("{FAE04EC0-301F-11D3-BF4B-00C04F79EFBC}") = "InventoryManager", "src\InventoryManager\InventoryManager.csproj", "{74179F56-1229-4F77-A0ED-22D2B051942A}"
EndProject
Project("{FAE04EC0-301F-11D3-BF4B-00C04F79EFBC}") = "ResourceMonitoring", "src\ResourceMonitoring\ResourceMonitoring.csproj", "{BB3E8DB8-B3A0-4BB1-8903-72CADF8C775E}"
EndProject
Project("{FAE04EC0-301F-11D3-BF4B-00C04F79EFBC}") = "GridMonitoring", "src\GridMonitoring\GridMonitoring.csproj", "{27CFEB01-7ADD-4E3B-9FF7-16F056991286}"
EndProject
Global
	GlobalSection(SolutionConfigurationPlatforms) = preSolution
		Debug|x64 = Debug|x64
	EndGlobalSection
	GlobalSection(ProjectConfigurationPlatforms) = postSolution
		{66FF9846-C6A7-4B2F-978E-470F263751B4}.Debug|x64.ActiveCfg = Debug|x64
		{66FF9846-C6A7-4B2F-978E-470F263751B4}.Debug|x64.Build.0 = Debug|x64
		{74179F56-1229-4F77-A0ED-22D2B051942A}.Debug|x64.ActiveCfg = Debug|x64
		{74179F56-1229-4F77-A0ED-22D2B051942A}.Debug|x64.Build.0 = Debug|x64
		{BB3E8DB8-B3A0-4BB1-8903-72CADF8C775E}.Debug|x64.ActiveCfg = Debug|x64
		{BB3E8DB8-B3A0-4BB1-8903-72CADF8C775E}.Debug|x64.Build.0 = Debug|x64
		{27CFEB01-7ADD-4E3B-9FF7-16F056991286}.Debug|x64.ActiveCfg = Debug|x64
		{27CFEB01-7ADD-4E3B-9FF7-16F056991286}.Debug|x64.Build.0 = Debug|x64
	EndGlobalSection
	GlobalSection(SolutionProperties) = preSolution
		HideSolutionNode = FALSE
	EndGlobalSection
	GlobalSection(ExtensibilityGlobals) = postSolution
		SolutionGuid = {6BEC56F5-0892-4227-A32F-BA9A53C4BFAF}
	EndGlobalSection
EndGlobal
